
Microsoft Visual Studio Solution File, Format Version 12.00
# Visual Studio Version 17
VisualStudioVersion = 17.13.35828.75 d17.13
MinimumVisualStudioVersion = 10.0.40219.1
Project("{FAE04EC0-301F-11D3-BF4B-00C04F79EFBC}") = "MiniAccounting", "MiniAccounting\MiniAccounting.csproj", "{F76F16F9-5F04-4348-A176-F45F6CA1B6EC}"
EndProject
Global
	GlobalSection(SolutionConfigurationPlatforms) = preSolution
		Debug|Any CPU = Debug|Any CPU
		Release|Any CPU = Release|Any CPU
	EndGlobalSection
	GlobalSection(ProjectConfigurationPlatforms) = postSolution
		{F76F16F9-5F04-4348-A176-F45F6CA1B6EC}.Debug|Any CPU.ActiveCfg = Debug|Any CPU
		{F76F16F9-5F04-4348-A176-F45F6CA1B6EC}.Debug|Any CPU.Build.0 = Debug|Any CPU
		{F76F16F9-5F04-4348-A176-F45F6CA1B6EC}.Release|Any CPU.ActiveCfg = Release|Any CPU
		{F76F16F9-5F04-4348-A176-F45F6CA1B6EC}.Release|Any CPU.Build.0 = Release|Any CPU
	EndGlobalSection
	GlobalSection(SolutionProperties) = preSolution
		HideSolutionNode = FALSE
	EndGlobalSection
	GlobalSection(ExtensibilityGlobals) = postSolution
		SolutionGuid = {C3CCAFC6-C50C-4449-ADC6-77A5167443B1}
	EndGlobalSection
EndGlobal
